
Microsoft Visual Studio Solution File, Format Version 12.00
# Visual Studio Version 17
VisualStudioVersion = 17.11.35327.3
MinimumVisualStudioVersion = 10.0.40219.1
Project("{FAE04EC0-301F-11D3-BF4B-00C04F79EFBC}") = "Personel Maaşları Takip Programı", "WebApplication10\Personel Maaşları Takip Programı.csproj", "{6F962A6F-4B3F-4A0E-8673-8BB289953A5F}"
EndProject
Global
	GlobalSection(SolutionConfigurationPlatforms) = preSolution
		Debug|Any CPU = Debug|Any CPU
		Release|Any CPU = Release|Any CPU
	EndGlobalSection
	GlobalSection(ProjectConfigurationPlatforms) = postSolution
		{6F962A6F-4B3F-4A0E-8673-8BB289953A5F}.Debug|Any CPU.ActiveCfg = Debug|Any CPU
		{6F962A6F-4B3F-4A0E-8673-8BB289953A5F}.Debug|Any CPU.Build.0 = Debug|Any CPU
		{6F962A6F-4B3F-4A0E-8673-8BB289953A5F}.Release|Any CPU.ActiveCfg = Release|Any CPU
		{6F962A6F-4B3F-4A0E-8673-8BB289953A5F}.Release|Any CPU.Build.0 = Release|Any CPU
	EndGlobalSection
	GlobalSection(SolutionProperties) = preSolution
		HideSolutionNode = FALSE
	EndGlobalSection
	GlobalSection(ExtensibilityGlobals) = postSolution
		SolutionGuid = {F92159F4-55DE-4B76-AC19-BEF33099E20C}
	EndGlobalSection
EndGlobal
